
Microsoft Visual Studio Solution File, Format Version 12.00
# Visual Studio Version 17
VisualStudioVersion = 17.11.35222.181
MinimumVisualStudioVersion = 10.0.40219.1
Project("{9A19103F-16F7-4668-BE54-9A1E7A4F7556}") = "SolutionGestionConsultations.Core", "SolutionGestionConsultations.Core\SolutionGestionConsultations.Core.csproj", "{318546B5-8B26-4EFA-B131-569F70F42E03}"
EndProject
Project("{9A19103F-16F7-4668-BE54-9A1E7A4F7556}") = "SolutionGestionConsultations.Infrastructure", "SolutionGestionConsultations.Infrastructure\SolutionGestionConsultations.Infrastructure.csproj", "{848BA8AE-64B3-4109-BC1A-DF2994221374}"
EndProject
Project("{9A19103F-16F7-4668-BE54-9A1E7A4F7556}") = "SolutionGestionConsultations.ConsoleTestApp", "SolutionGestionConsultations.ConsoleTestApp\SolutionGestionConsultations.ConsoleTestApp.csproj", "{4FF2FC23-B652-49F8-BB71-9B5BF4737E86}"
EndProject
Project("{9A19103F-16F7-4668-BE54-9A1E7A4F7556}") = "SolutionGestionConsultations.SharedKernel", "SystèmeGestionConsultations.SharedKernel\SolutionGestionConsultations.SharedKernel.csproj", "{CF0F06EF-BDE0-41C5-8106-77D4761FCB31}"
EndProject
Project("{FAE04EC0-301F-11D3-BF4B-00C04F79EFBC}") = "SolutionGestionConsultationsWPFApp", "SolutionGestionConsultationsWPFApp\SolutionGestionConsultationsWPFApp.csproj", "{ABC0B75F-A786-4F0A-B9CD-918B75BBF64F}"
EndProject
Global
	GlobalSection(SolutionConfigurationPlatforms) = preSolution
		Debug|Any CPU = Debug|Any CPU
		Release|Any CPU = Release|Any CPU
	EndGlobalSection
	GlobalSection(ProjectConfigurationPlatforms) = postSolution
		{318546B5-8B26-4EFA-B131-569F70F42E03}.Debug|Any CPU.ActiveCfg = Debug|Any CPU
		{318546B5-8B26-4EFA-B131-569F70F42E03}.Debug|Any CPU.Build.0 = Debug|Any CPU
		{318546B5-8B26-4EFA-B131-569F70F42E03}.Release|Any CPU.ActiveCfg = Release|Any CPU
		{318546B5-8B26-4EFA-B131-569F70F42E03}.Release|Any CPU.Build.0 = Release|Any CPU
		{848BA8AE-64B3-4109-BC1A-DF2994221374}.Debug|Any CPU.ActiveCfg = Debug|Any CPU
		{848BA8AE-64B3-4109-BC1A-DF2994221374}.Debug|Any CPU.Build.0 = Debug|Any CPU
		{848BA8AE-64B3-4109-BC1A-DF2994221374}.Release|Any CPU.ActiveCfg = Release|Any CPU
		{848BA8AE-64B3-4109-BC1A-DF2994221374}.Release|Any CPU.Build.0 = Release|Any CPU
		{4FF2FC23-B652-49F8-BB71-9B5BF4737E86}.Debug|Any CPU.ActiveCfg = Debug|Any CPU
		{4FF2FC23-B652-49F8-BB71-9B5BF4737E86}.Debug|Any CPU.Build.0 = Debug|Any CPU
		{4FF2FC23-B652-49F8-BB71-9B5BF4737E86}.Release|Any CPU.ActiveCfg = Release|Any CPU
		{4FF2FC23-B652-49F8-BB71-9B5BF4737E86}.Release|Any CPU.Build.0 = Release|Any CPU
		{CF0F06EF-BDE0-41C5-8106-77D4761FCB31}.Debug|Any CPU.ActiveCfg = Debug|Any CPU
		{CF0F06EF-BDE0-41C5-8106-77D4761FCB31}.Debug|Any CPU.Build.0 = Debug|Any CPU
		{CF0F06EF-BDE0-41C5-8106-77D4761FCB31}.Release|Any CPU.ActiveCfg = Release|Any CPU
		{CF0F06EF-BDE0-41C5-8106-77D4761FCB31}.Release|Any CPU.Build.0 = Release|Any CPU
		{ABC0B75F-A786-4F0A-B9CD-918B75BBF64F}.Debug|Any CPU.ActiveCfg = Debug|Any CPU
		{ABC0B75F-A786-4F0A-B9CD-918B75BBF64F}.Debug|Any CPU.Build.0 = Debug|Any CPU
		{ABC0B75F-A786-4F0A-B9CD-918B75BBF64F}.Release|Any CPU.ActiveCfg = Release|Any CPU
		{ABC0B75F-A786-4F0A-B9CD-918B75BBF64F}.Release|Any CPU.Build.0 = Release|Any CPU
	EndGlobalSection
	GlobalSection(SolutionProperties) = preSolution
		HideSolutionNode = FALSE
	EndGlobalSection
	GlobalSection(ExtensibilityGlobals) = postSolution
		SolutionGuid = {FDF72C56-2778-4F14-B9E3-5CE7A830D582}
	EndGlobalSection
EndGlobal
